PODS:
  - Bugly (2.4.0)
  - HexColors (4.0.0)
  - pop (1.0.9)

DEPENDENCIES:
  - Bugly
  - HexColors
  - pop (~> 1.0)

SPEC CHECKSUMS:
  Bugly: 3b56d8365c5687f74fd6fbb50c5b7ede3cdac96c
  HexColors: 5f95843ef89aff6a72e1fd3a8ebabf205cc43379
  pop: f667631a5108a2e60d9e8797c9b32ddaf2080bce

PODFILE CHECKSUM: 6a1f74ad9b5d1ecad1551884e4a39367c2ea186e

COCOAPODS: 1.0.1
