PODS:
  - Bugly (2.4.0)
  - HexColors (4.0.0)
  - JLRoutes (1.6.2)
  - pop (1.0.9)

DEPENDENCIES:
  - Bugly
  - HexColors
  - JLRoutes
  - pop (~> 1.0)

SPEC CHECKSUMS:
  Bugly: 3b56d8365c5687f74fd6fbb50c5b7ede3cdac96c
  HexColors: 5f95843ef89aff6a72e1fd3a8ebabf205cc43379
  JLRoutes: 00671e008acb226b8b4c2385318dc1c583ef0dcf
  pop: f667631a5108a2e60d9e8797c9b32ddaf2080bce

PODFILE CHECKSUM: 60bbffb0b4b7f8da0cbc7d4f6deafcacf83c8783

COCOAPODS: 1.0.1
